# This file was autogenerated by Stack.
# You should not edit this file by hand.
# For more information, please see the documentation at:
#   https://docs.haskellstack.org/en/stable/lock_files

packages: []
snapshots:
- completed:
    size: 439645
    url: https://raw.githubusercontent.com/commercialhaskell/stackage-snapshots/master/nightly/2019/12/27.yaml
    sha256: 5cd678542d326b04c3f06654db603eda7c2fce6704c435f96a6be82e317ddb1f
  original: nightly-2019-12-27
